
Microsoft Visual Studio Solution File, Format Version 12.00
# Visual Studio Version 16
VisualStudioVersion = 16.0.29728.190
MinimumVisualStudioVersion = 10.0.40219.1
Project("{FAE04EC0-301F-11D3-BF4B-00C04F79EFBC}") = "Pattern", "Pattern\Pattern.csproj", "{06A2C578-F6BC-480F-8638-85CF4D52AA1F}"
EndProject
Global
	GlobalSection(SolutionConfigurationPlatforms) = preSolution
		Debug|Any CPU = Debug|Any CPU
		Release|Any CPU = Release|Any CPU
	EndGlobalSection
	GlobalSection(ProjectConfigurationPlatforms) = postSolution
		{06A2C578-F6BC-480F-8638-85CF4D52AA1F}.Debug|Any CPU.ActiveCfg = Debug|Any CPU
		{06A2C578-F6BC-480F-8638-85CF4D52AA1F}.Debug|Any CPU.Build.0 = Debug|Any CPU
		{06A2C578-F6BC-480F-8638-85CF4D52AA1F}.Release|Any CPU.ActiveCfg = Release|Any CPU
		{06A2C578-F6BC-480F-8638-85CF4D52AA1F}.Release|Any CPU.Build.0 = Release|Any CPU
	EndGlobalSection
	GlobalSection(SolutionProperties) = preSolution
		HideSolutionNode = FALSE
	EndGlobalSection
	GlobalSection(ExtensibilityGlobals) = postSolution
		SolutionGuid = {0BB2F11C-B07A-4F94-A89B-E09F439D1637}
	EndGlobalSection
EndGlobal
